
Microsoft Visual Studio Solution File, Format Version 12.00
# Visual Studio 2017
Project("{FAE04EC0-301F-11D3-BF4B-00C04F79EFBC}") = "Json", "Json.csproj", "{DC1B38DC-6BF3-68BF-C009-0662A9D0A637}"
EndProject
Global
	GlobalSection(SolutionConfigurationPlatforms) = preSolution
		Debug|Any CPU = Debug|Any CPU
		Release|Any CPU = Release|Any CPU
	EndGlobalSection
	GlobalSection(ProjectConfigurationPlatforms) = postSolution
		{DC1B38DC-6BF3-68BF-C009-0662A9D0A637}.Debug|Any CPU.ActiveCfg = Debug|Any CPU
		{DC1B38DC-6BF3-68BF-C009-0662A9D0A637}.Debug|Any CPU.Build.0 = Debug|Any CPU
		{DC1B38DC-6BF3-68BF-C009-0662A9D0A637}.Release|Any CPU.ActiveCfg = Release|Any CPU
		{DC1B38DC-6BF3-68BF-C009-0662A9D0A637}.Release|Any CPU.Build.0 = Release|Any CPU
	EndGlobalSection
	GlobalSection(SolutionProperties) = preSolution
		HideSolutionNode = FALSE
	EndGlobalSection
EndGlobal
